
Microsoft Visual Studio Solution File, Format Version 12.00
# Visual Studio 15
VisualStudioVersion = 15.0.34031.82
MinimumVisualStudioVersion = 10.0.40219.1
Project("{FAE04EC0-301F-11D3-BF4B-00C04F79EFBC}") = "TEPWebApi", "TEPWebApi\TEPWebApi.csproj", "{0D53E61F-A302-4129-BFA4-01AF5CC03CD0}"
EndProject
Global
	GlobalSection(SolutionConfigurationPlatforms) = preSolution
		Debug|Any CPU = Debug|Any CPU
		Release|Any CPU = Release|Any CPU
	EndGlobalSection
	GlobalSection(ProjectConfigurationPlatforms) = postSolution
		{0D53E61F-A302-4129-BFA4-01AF5CC03CD0}.Debug|Any CPU.ActiveCfg = Debug|Any CPU
		{0D53E61F-A302-4129-BFA4-01AF5CC03CD0}.Debug|Any CPU.Build.0 = Debug|Any CPU
		{0D53E61F-A302-4129-BFA4-01AF5CC03CD0}.Release|Any CPU.ActiveCfg = Release|Any CPU
		{0D53E61F-A302-4129-BFA4-01AF5CC03CD0}.Release|Any CPU.Build.0 = Release|Any CPU
	EndGlobalSection
	GlobalSection(SolutionProperties) = preSolution
		HideSolutionNode = FALSE
	EndGlobalSection
	GlobalSection(ExtensibilityGlobals) = postSolution
		SolutionGuid = {42B5C327-33DA-462F-A656-824ECAD893EF}
	EndGlobalSection
EndGlobal
